
Microsoft Visual Studio Solution File, Format Version 12.00
# Visual Studio 2015
Project("{FAE04EC0-301F-11D3-BF4B-00C04F79EFBC}") = "end.CSharp.Plugins", "end.CSharp.Plugins.csproj", "{DFEC5D16-C9F8-CFC8-A64C-DED92BDF7882}"
EndProject
Project("{FAE04EC0-301F-11D3-BF4B-00C04F79EFBC}") = "end.CSharp", "end.CSharp.csproj", "{C8BE39DB-5E50-98E3-EE37-A91B1CBB5E51}"
EndProject
Project("{FAE04EC0-301F-11D3-BF4B-00C04F79EFBC}") = "end.CSharp.Editor", "end.CSharp.Editor.csproj", "{60016368-69A9-D704-6BEF-C5B88F098015}"
EndProject
Global
	GlobalSection(SolutionConfigurationPlatforms) = preSolution
		Debug|Any CPU = Debug|Any CPU
		Release|Any CPU = Release|Any CPU
	EndGlobalSection
	GlobalSection(ProjectConfigurationPlatforms) = postSolution
		{DFEC5D16-C9F8-CFC8-A64C-DED92BDF7882}.Debug|Any CPU.ActiveCfg = Debug|Any CPU
		{DFEC5D16-C9F8-CFC8-A64C-DED92BDF7882}.Debug|Any CPU.Build.0 = Debug|Any CPU
		{DFEC5D16-C9F8-CFC8-A64C-DED92BDF7882}.Release|Any CPU.ActiveCfg = Release|Any CPU
		{DFEC5D16-C9F8-CFC8-A64C-DED92BDF7882}.Release|Any CPU.Build.0 = Release|Any CPU
		{C8BE39DB-5E50-98E3-EE37-A91B1CBB5E51}.Debug|Any CPU.ActiveCfg = Debug|Any CPU
		{C8BE39DB-5E50-98E3-EE37-A91B1CBB5E51}.Debug|Any CPU.Build.0 = Debug|Any CPU
		{C8BE39DB-5E50-98E3-EE37-A91B1CBB5E51}.Release|Any CPU.ActiveCfg = Release|Any CPU
		{C8BE39DB-5E50-98E3-EE37-A91B1CBB5E51}.Release|Any CPU.Build.0 = Release|Any CPU
		{60016368-69A9-D704-6BEF-C5B88F098015}.Debug|Any CPU.ActiveCfg = Debug|Any CPU
		{60016368-69A9-D704-6BEF-C5B88F098015}.Debug|Any CPU.Build.0 = Debug|Any CPU
		{60016368-69A9-D704-6BEF-C5B88F098015}.Release|Any CPU.ActiveCfg = Release|Any CPU
		{60016368-69A9-D704-6BEF-C5B88F098015}.Release|Any CPU.Build.0 = Release|Any CPU
	EndGlobalSection
	GlobalSection(SolutionProperties) = preSolution
		HideSolutionNode = FALSE
	EndGlobalSection
EndGlobal
